# THIS IS AN AUTOGENERATED FILE. DO NOT EDIT THIS FILE DIRECTLY.
# yarn lockfile v1


codemirror-spell-checker@*:
  version "1.1.2"
  resolved "https://registry.yarnpkg.com/codemirror-spell-checker/-/codemirror-spell-checker-1.1.2.tgz#1c660f9089483ccb5113b9ba9ca19c3f4993371e"
  dependencies:
    typo-js "*"

codemirror@*:
  version "5.33.0"
  resolved "https://registry.yarnpkg.com/codemirror/-/codemirror-5.33.0.tgz#462ad9a6fe8d38b541a9536a3997e1ef93b40c6a"

marked@*:
  version "0.3.12"
  resolved "https://registry.yarnpkg.com/marked/-/marked-0.3.12.tgz#7cf25ff2252632f3fe2406bde258e94eee927519"

simplemde@^1.11.2:
  version "1.11.2"
  resolved "https://registry.yarnpkg.com/simplemde/-/simplemde-1.11.2.tgz#a23a35d978d2c40ef07dec008c92f070d8e080e3"
  dependencies:
    codemirror "*"
    codemirror-spell-checker "*"
    marked "*"

typo-js@*:
  version "1.0.3"
  resolved "https://registry.yarnpkg.com/typo-js/-/typo-js-1.0.3.tgz#54d8ebc7949f1a7810908b6002c6841526c99d5a"
